
Microsoft Visual Studio Solution File, Format Version 11.00
# Visual Studio 2010
Project("{FAE04EC0-301F-11D3-BF4B-00C04F79EFBC}") = "Assembly-CSharp", "Assembly-CSharp.csproj", "{2866B501-FD3E-D9D6-F1C8-D1622A68BA56}"
EndProject
Project("{FAE04EC0-301F-11D3-BF4B-00C04F79EFBC}") = "Assembly-CSharp-firstpass", "Assembly-CSharp-firstpass.csproj", "{C4E075C9-C03E-9763-B2E7-6FE409A42A2B}"
EndProject
Project("{FAE04EC0-301F-11D3-BF4B-00C04F79EFBC}") = "Assembly-CSharp-Editor", "Assembly-CSharp-Editor.csproj", "{8F3D1331-A61C-1A5F-9EDD-E29FB3D0B47C}"
EndProject
Global
	GlobalSection(SolutionConfigurationPlatforms) = preSolution
		Debug|Any CPU = Debug|Any CPU
		Release|Any CPU = Release|Any CPU
	EndGlobalSection
	GlobalSection(ProjectConfigurationPlatforms) = postSolution
		{2866B501-FD3E-D9D6-F1C8-D1622A68BA56}.Debug|Any CPU.ActiveCfg = Debug|Any CPU
		{2866B501-FD3E-D9D6-F1C8-D1622A68BA56}.Debug|Any CPU.Build.0 = Debug|Any CPU
		{2866B501-FD3E-D9D6-F1C8-D1622A68BA56}.Release|Any CPU.ActiveCfg = Release|Any CPU
		{2866B501-FD3E-D9D6-F1C8-D1622A68BA56}.Release|Any CPU.Build.0 = Release|Any CPU
		{C4E075C9-C03E-9763-B2E7-6FE409A42A2B}.Debug|Any CPU.ActiveCfg = Debug|Any CPU
		{C4E075C9-C03E-9763-B2E7-6FE409A42A2B}.Debug|Any CPU.Build.0 = Debug|Any CPU
		{C4E075C9-C03E-9763-B2E7-6FE409A42A2B}.Release|Any CPU.ActiveCfg = Release|Any CPU
		{C4E075C9-C03E-9763-B2E7-6FE409A42A2B}.Release|Any CPU.Build.0 = Release|Any CPU
		{8F3D1331-A61C-1A5F-9EDD-E29FB3D0B47C}.Debug|Any CPU.ActiveCfg = Debug|Any CPU
		{8F3D1331-A61C-1A5F-9EDD-E29FB3D0B47C}.Debug|Any CPU.Build.0 = Debug|Any CPU
		{8F3D1331-A61C-1A5F-9EDD-E29FB3D0B47C}.Release|Any CPU.ActiveCfg = Release|Any CPU
		{8F3D1331-A61C-1A5F-9EDD-E29FB3D0B47C}.Release|Any CPU.Build.0 = Release|Any CPU
	EndGlobalSection
	GlobalSection(SolutionProperties) = preSolution
		HideSolutionNode = FALSE
	EndGlobalSection
	GlobalSection(MonoDevelopProperties) = preSolution
		StartupItem = Assembly-CSharp.csproj
	EndGlobalSection
EndGlobal
