
Microsoft Visual Studio Solution File, Format Version 12.00
# Visual Studio 15
Project("{FAE04EC0-301F-11D3-BF4B-00C04F79EFBC}") = "Assembly-CSharp", "Assembly-CSharp.csproj", "{15DBFC10-80E0-229D-70A4-72FE9476B524}"
EndProject
Project("{FAE04EC0-301F-11D3-BF4B-00C04F79EFBC}") = "Assembly-CSharp-Editor", "Assembly-CSharp-Editor.csproj", "{473357E5-8356-5B82-E61F-2E1867D4788F}"
EndProject
Global
	GlobalSection(SolutionConfigurationPlatforms) = preSolution
		Debug|Any CPU = Debug|Any CPU
		Release|Any CPU = Release|Any CPU
	EndGlobalSection
	GlobalSection(ProjectConfigurationPlatforms) = postSolution
		{15DBFC10-80E0-229D-70A4-72FE9476B524}.Debug|Any CPU.ActiveCfg = Debug|Any CPU
		{15DBFC10-80E0-229D-70A4-72FE9476B524}.Debug|Any CPU.Build.0 = Debug|Any CPU
		{15DBFC10-80E0-229D-70A4-72FE9476B524}.Release|Any CPU.ActiveCfg = Release|Any CPU
		{15DBFC10-80E0-229D-70A4-72FE9476B524}.Release|Any CPU.Build.0 = Release|Any CPU
		{473357E5-8356-5B82-E61F-2E1867D4788F}.Debug|Any CPU.ActiveCfg = Debug|Any CPU
		{473357E5-8356-5B82-E61F-2E1867D4788F}.Debug|Any CPU.Build.0 = Debug|Any CPU
		{473357E5-8356-5B82-E61F-2E1867D4788F}.Release|Any CPU.ActiveCfg = Release|Any CPU
		{473357E5-8356-5B82-E61F-2E1867D4788F}.Release|Any CPU.Build.0 = Release|Any CPU
	EndGlobalSection
	GlobalSection(SolutionProperties) = preSolution
		HideSolutionNode = FALSE
	EndGlobalSection
	GlobalSection(MonoDevelopProperties) = preSolution
		StartupItem = Assembly-CSharp.csproj
	EndGlobalSection
EndGlobal
